
Microsoft Visual Studio Solution File, Format Version 12.00
# Visual Studio Version 17
VisualStudioVersion = 17.5.33516.290
MinimumVisualStudioVersion = 10.0.40219.1
Project("{9A19103F-16F7-4668-BE54-9A1E7A4F7556}") = "TasksEvaluation.Web", "TasksEvaluation.Web\TasksEvaluation.Web.csproj", "{BC957EB1-BF76-4FCC-94E1-021753B52199}"
EndProject
Project("{9A19103F-16F7-4668-BE54-9A1E7A4F7556}") = "TasksEvaluation.Core", "TasksEvaluation.Core1\TasksEvaluation.Core.csproj", "{D0355E39-FB0B-4DDA-958B-E4B1D136D8D6}"
EndProject
Project("{FAE04EC0-301F-11D3-BF4B-00C04F79EFBC}") = "TasksEvaluation.Infrastructure", "vv\TasksEvaluation.Infrastructure.csproj", "{9E3A9DDB-7A22-4B77-81B6-187F3F1DEF7C}"
EndProject
Global
	GlobalSection(SolutionConfigurationPlatforms) = preSolution
		Debug|Any CPU = Debug|Any CPU
		Release|Any CPU = Release|Any CPU
	EndGlobalSection
	GlobalSection(ProjectConfigurationPlatforms) = postSolution
		{BC957EB1-BF76-4FCC-94E1-021753B52199}.Debug|Any CPU.ActiveCfg = Debug|Any CPU
		{BC957EB1-BF76-4FCC-94E1-021753B52199}.Debug|Any CPU.Build.0 = Debug|Any CPU
		{BC957EB1-BF76-4FCC-94E1-021753B52199}.Release|Any CPU.ActiveCfg = Release|Any CPU
		{BC957EB1-BF76-4FCC-94E1-021753B52199}.Release|Any CPU.Build.0 = Release|Any CPU
		{D0355E39-FB0B-4DDA-958B-E4B1D136D8D6}.Debug|Any CPU.ActiveCfg = Debug|Any CPU
		{D0355E39-FB0B-4DDA-958B-E4B1D136D8D6}.Debug|Any CPU.Build.0 = Debug|Any CPU
		{D0355E39-FB0B-4DDA-958B-E4B1D136D8D6}.Release|Any CPU.ActiveCfg = Release|Any CPU
		{D0355E39-FB0B-4DDA-958B-E4B1D136D8D6}.Release|Any CPU.Build.0 = Release|Any CPU
		{9E3A9DDB-7A22-4B77-81B6-187F3F1DEF7C}.Debug|Any CPU.ActiveCfg = Debug|Any CPU
		{9E3A9DDB-7A22-4B77-81B6-187F3F1DEF7C}.Debug|Any CPU.Build.0 = Debug|Any CPU
		{9E3A9DDB-7A22-4B77-81B6-187F3F1DEF7C}.Release|Any CPU.ActiveCfg = Release|Any CPU
		{9E3A9DDB-7A22-4B77-81B6-187F3F1DEF7C}.Release|Any CPU.Build.0 = Release|Any CPU
	EndGlobalSection
	GlobalSection(SolutionProperties) = preSolution
		HideSolutionNode = FALSE
	EndGlobalSection
	GlobalSection(ExtensibilityGlobals) = postSolution
		SolutionGuid = {35F7998F-D1DA-41B3-99C1-ECF286E7CE03}
	EndGlobalSection
EndGlobal
